// !$*UTF8*$!
{
	archiveVersion = 1;
	classes = {
	};
	objectVersion = 56;
	objects = {

/* Begin PBXBuildFile section */
		5E0E25A52C04CD1F00B6BD24 /* ExerciseItem.swift in Sources */ = {isa = PBXBuildFile; fileRef = 5E0E25A42C04CD1F00B6BD24 /* ExerciseItem.swift */; };
		5E26EAC42C08B05000ED1441 /* WorkoutSummaryView.swift in Sources */ = {isa = PBXBuildFile; fileRef = 5E26EAC32C08B05000ED1441 /* WorkoutSummaryView.swift */; };
		5E3CB48C2C05BA0500C0D2BF /* WorkoutsView.swift in Sources */ = {isa = PBXBuildFile; fileRef = 5E3CB48B2C05BA0500C0D2BF /* WorkoutsView.swift */; };
		5E3CB48E2C05BA1D00C0D2BF /* SettingsView.swift in Sources */ = {isa = PBXBuildFile; fileRef = 5E3CB48D2C05BA1D00C0D2BF /* SettingsView.swift */; };
		5E3CB4902C05BD4400C0D2BF /* StruggleView.swift in Sources */ = {isa = PBXBuildFile; fileRef = 5E3CB48F2C05BD4400C0D2BF /* StruggleView.swift */; };
		5E3CB4952C05DC8E00C0D2BF /* ReportSportView.swift in Sources */ = {isa = PBXBuildFile; fileRef = 5E3CB4942C05DC8E00C0D2BF /* ReportSportView.swift */; };
		5E3CB4982C05DFF400C0D2BF /* ReportSportDetailsView.swift in Sources */ = {isa = PBXBuildFile; fileRef = 5E3CB4972C05DFF400C0D2BF /* ReportSportDetailsView.swift */; };
		5E3CB49A2C05E00A00C0D2BF /* AddExercise.swift in Sources */ = {isa = PBXBuildFile; fileRef = 5E3CB4992C05E00A00C0D2BF /* AddExercise.swift */; };
		5E3CB49C2C067D6800C0D2BF /* ReportSportManager.swift in Sources */ = {isa = PBXBuildFile; fileRef = 5E3CB49B2C067D6800C0D2BF /* ReportSportManager.swift */; };
		5E3CB49E2C0720F400C0D2BF /* ManageExercisesView.swift in Sources */ = {isa = PBXBuildFile; fileRef = 5E3CB49D2C0720F400C0D2BF /* ManageExercisesView.swift */; };
		5E3CB4A22C07213200C0D2BF /* RoutineBuilderView.swift in Sources */ = {isa = PBXBuildFile; fileRef = 5E3CB4A12C07213200C0D2BF /* RoutineBuilderView.swift */; };
		5E3CB4A42C07593800C0D2BF /* AddExerciseManager.swift in Sources */ = {isa = PBXBuildFile; fileRef = 5E3CB4A32C07593800C0D2BF /* AddExerciseManager.swift */; };
		5E3CB4A82C075C5100C0D2BF /* RoutineItem.swift in Sources */ = {isa = PBXBuildFile; fileRef = 5E3CB4A72C075C5100C0D2BF /* RoutineItem.swift */; };
		5E8B4C9E2C314B04007CE65B /* PreferencesView.swift in Sources */ = {isa = PBXBuildFile; fileRef = 5E8B4C9D2C314B04007CE65B /* PreferencesView.swift */; };
		5E9AC1CF2C2998870073F777 /* ReportRoutineView.swift in Sources */ = {isa = PBXBuildFile; fileRef = 5E9AC1CE2C2998870073F777 /* ReportRoutineView.swift */; };
		5E9AC1D32C2999590073F777 /* ReportRoutineManager.swift in Sources */ = {isa = PBXBuildFile; fileRef = 5E9AC1D22C2999590073F777 /* ReportRoutineManager.swift */; };
		5E9AC1D52C299AF50073F777 /* ManageRoutinesView.swift in Sources */ = {isa = PBXBuildFile; fileRef = 5E9AC1D42C299AF50073F777 /* ManageRoutinesView.swift */; };
		5EDAAA5C2C0529550028522B /* WorkoutItem.swift in Sources */ = {isa = PBXBuildFile; fileRef = 5EDAAA5B2C0529550028522B /* WorkoutItem.swift */; };
		5EF367C52C04C75C00633F83 /* WorkoutableApp.swift in Sources */ = {isa = PBXBuildFile; fileRef = 5EF367C42C04C75C00633F83 /* WorkoutableApp.swift */; };
		5EF367C72C04C75C00633F83 /* ContentView.swift in Sources */ = {isa = PBXBuildFile; fileRef = 5EF367C62C04C75C00633F83 /* ContentView.swift */; };
		5EF367CB2C04C75D00633F83 /* Assets.xcassets in Resources */ = {isa = PBXBuildFile; fileRef = 5EF367CA2C04C75D00633F83 /* Assets.xcassets */; };
		5EF367CE2C04C75D00633F83 /* Preview Assets.xcassets in Resources */ = {isa = PBXBuildFile; fileRef = 5EF367CD2C04C75D00633F83 /* Preview Assets.xcassets */; };
/* End PBXBuildFile section */

/* Begin PBXFileReference section */
		5E0E25A42C04CD1F00B6BD24 /* ExerciseItem.swift */ = {isa = PBXFileReference; lastKnownFileType = sourcecode.swift; path = ExerciseItem.swift; sourceTree = "<group>"; };
		5E26EAC32C08B05000ED1441 /* WorkoutSummaryView.swift */ = {isa = PBXFileReference; lastKnownFileType = sourcecode.swift; path = WorkoutSummaryView.swift; sourceTree = "<group>"; };
		5E3CB48B2C05BA0500C0D2BF /* WorkoutsView.swift */ = {isa = PBXFileReference; lastKnownFileType = sourcecode.swift; path = WorkoutsView.swift; sourceTree = "<group>"; };
		5E3CB48D2C05BA1D00C0D2BF /* SettingsView.swift */ = {isa = PBXFileReference; lastKnownFileType = sourcecode.swift; path = SettingsView.swift; sourceTree = "<group>"; };
		5E3CB48F2C05BD4400C0D2BF /* StruggleView.swift */ = {isa = PBXFileReference; lastKnownFileType = sourcecode.swift; path = StruggleView.swift; sourceTree = "<group>"; };
		5E3CB4942C05DC8E00C0D2BF /* ReportSportView.swift */ = {isa = PBXFileReference; lastKnownFileType = sourcecode.swift; path = ReportSportView.swift; sourceTree = "<group>"; };
		5E3CB4972C05DFF400C0D2BF /* ReportSportDetailsView.swift */ = {isa = PBXFileReference; lastKnownFileType = sourcecode.swift; path = ReportSportDetailsView.swift; sourceTree = "<group>"; };
		5E3CB4992C05E00A00C0D2BF /* AddExercise.swift */ = {isa = PBXFileReference; lastKnownFileType = sourcecode.swift; path = AddExercise.swift; sourceTree = "<group>"; };
		5E3CB49B2C067D6800C0D2BF /* ReportSportManager.swift */ = {isa = PBXFileReference; lastKnownFileType = sourcecode.swift; path = ReportSportManager.swift; sourceTree = "<group>"; };
		5E3CB49D2C0720F400C0D2BF /* ManageExercisesView.swift */ = {isa = PBXFileReference; lastKnownFileType = sourcecode.swift; path = ManageExercisesView.swift; sourceTree = "<group>"; };
		5E3CB4A12C07213200C0D2BF /* RoutineBuilderView.swift */ = {isa = PBXFileReference; lastKnownFileType = sourcecode.swift; path = RoutineBuilderView.swift; sourceTree = "<group>"; };
		5E3CB4A32C07593800C0D2BF /* AddExerciseManager.swift */ = {isa = PBXFileReference; lastKnownFileType = sourcecode.swift; path = AddExerciseManager.swift; sourceTree = "<group>"; };
		5E3CB4A72C075C5100C0D2BF /* RoutineItem.swift */ = {isa = PBXFileReference; lastKnownFileType = sourcecode.swift; path = RoutineItem.swift; sourceTree = "<group>"; };
		5E8B4C9D2C314B04007CE65B /* PreferencesView.swift */ = {isa = PBXFileReference; lastKnownFileType = sourcecode.swift; path = PreferencesView.swift; sourceTree = "<group>"; };
		5E9AC1CE2C2998870073F777 /* ReportRoutineView.swift */ = {isa = PBXFileReference; lastKnownFileType = sourcecode.swift; path = ReportRoutineView.swift; sourceTree = "<group>"; };
		5E9AC1D22C2999590073F777 /* ReportRoutineManager.swift */ = {isa = PBXFileReference; lastKnownFileType = sourcecode.swift; path = ReportRoutineManager.swift; sourceTree = "<group>"; };
		5E9AC1D42C299AF50073F777 /* ManageRoutinesView.swift */ = {isa = PBXFileReference; lastKnownFileType = sourcecode.swift; path = ManageRoutinesView.swift; sourceTree = "<group>"; };
		5EDAAA5B2C0529550028522B /* WorkoutItem.swift */ = {isa = PBXFileReference; lastKnownFileType = sourcecode.swift; path = WorkoutItem.swift; sourceTree = "<group>"; };
		5EF367C12C04C75C00633F83 /* Workoutable.app */ = {isa = PBXFileReference; explicitFileType = wrapper.application; includeInIndex = 0; path = Workoutable.app; sourceTree = BUILT_PRODUCTS_DIR; };
		5EF367C42C04C75C00633F83 /* WorkoutableApp.swift */ = {isa = PBXFileReference; lastKnownFileType = sourcecode.swift; path = WorkoutableApp.swift; sourceTree = "<group>"; };
		5EF367C62C04C75C00633F83 /* ContentView.swift */ = {isa = PBXFileReference; lastKnownFileType = sourcecode.swift; path = ContentView.swift; sourceTree = "<group>"; };
		5EF367CA2C04C75D00633F83 /* Assets.xcassets */ = {isa = PBXFileReference; lastKnownFileType = folder.assetcatalog; path = Assets.xcassets; sourceTree = "<group>"; };
		5EF367CD2C04C75D00633F83 /* Preview Assets.xcassets */ = {isa = PBXFileReference; lastKnownFileType = folder.assetcatalog; path = "Preview Assets.xcassets"; sourceTree = "<group>"; };
/* End PBXFileReference section */

/* Begin PBXFrameworksBuildPhase section */
		5EF367BE2C04C75C00633F83 /* Frameworks */ = {
			isa = PBXFrameworksBuildPhase;
			buildActionMask = 2147483647;
			files = (
			);
			runOnlyForDeploymentPostprocessing = 0;
		};
/* End PBXFrameworksBuildPhase section */

/* Begin PBXGroup section */
		5E0E25A22C04CC7F00B6BD24 /* Views */ = {
			isa = PBXGroup;
			children = (
				5E9AC1D12C2998E40073F777 /* SettingsViews */,
				5E9AC1D02C2998D30073F777 /* WorkoutViews */,
				5EF367C62C04C75C00633F83 /* ContentView.swift */,
			);
			path = Views;
			sourceTree = "<group>";
		};
		5E0E25A32C04CC9100B6BD24 /* Models */ = {
			isa = PBXGroup;
			children = (
				5E0E25A42C04CD1F00B6BD24 /* ExerciseItem.swift */,
				5E3CB4A72C075C5100C0D2BF /* RoutineItem.swift */,
				5EDAAA5B2C0529550028522B /* WorkoutItem.swift */,
			);
			path = Models;
			sourceTree = "<group>";
		};
		5E3CB4912C05CD9B00C0D2BF /* Other */ = {
			isa = PBXGroup;
			children = (
				5E3CB49B2C067D6800C0D2BF /* ReportSportManager.swift */,
				5E9AC1D22C2999590073F777 /* ReportRoutineManager.swift */,
				5E3CB4A32C07593800C0D2BF /* AddExerciseManager.swift */,
			);
			path = Other;
			sourceTree = "<group>";
		};
		5E3CB4962C05DCE800C0D2BF /* BottomSheetViews */ = {
			isa = PBXGroup;
			children = (
				5E3CB4942C05DC8E00C0D2BF /* ReportSportView.swift */,
				5E3CB4972C05DFF400C0D2BF /* ReportSportDetailsView.swift */,
				5E9AC1CE2C2998870073F777 /* ReportRoutineView.swift */,
				5E3CB4992C05E00A00C0D2BF /* AddExercise.swift */,
			);
			path = BottomSheetViews;
			sourceTree = "<group>";
		};
		5E9AC1D02C2998D30073F777 /* WorkoutViews */ = {
			isa = PBXGroup;
			children = (
				5E3CB48B2C05BA0500C0D2BF /* WorkoutsView.swift */,
				5E26EAC32C08B05000ED1441 /* WorkoutSummaryView.swift */,
				5E3CB48F2C05BD4400C0D2BF /* StruggleView.swift */,
			);
			path = WorkoutViews;
			sourceTree = "<group>";
		};
		5E9AC1D12C2998E40073F777 /* SettingsViews */ = {
			isa = PBXGroup;
			children = (
				5E3CB48D2C05BA1D00C0D2BF /* SettingsView.swift */,
				5E8B4C9D2C314B04007CE65B /* PreferencesView.swift */,
				5E3CB49D2C0720F400C0D2BF /* ManageExercisesView.swift */,
				5E9AC1D42C299AF50073F777 /* ManageRoutinesView.swift */,
				5E3CB4A12C07213200C0D2BF /* RoutineBuilderView.swift */,
			);
			path = SettingsViews;
			sourceTree = "<group>";
		};
		5EF367B82C04C75C00633F83 = {
			isa = PBXGroup;
			children = (
				5EF367C32C04C75C00633F83 /* Workoutable */,
				5EF367C22C04C75C00633F83 /* Products */,
			);
			sourceTree = "<group>";
		};
		5EF367C22C04C75C00633F83 /* Products */ = {
			isa = PBXGroup;
			children = (
				5EF367C12C04C75C00633F83 /* Workoutable.app */,
			);
			name = Products;
			sourceTree = "<group>";
		};
		5EF367C32C04C75C00633F83 /* Workoutable */ = {
			isa = PBXGroup;
			children = (
				5E3CB4962C05DCE800C0D2BF /* BottomSheetViews */,
				5E3CB4912C05CD9B00C0D2BF /* Other */,
				5E0E25A32C04CC9100B6BD24 /* Models */,
				5E0E25A22C04CC7F00B6BD24 /* Views */,
				5EF367C42C04C75C00633F83 /* WorkoutableApp.swift */,
				5EF367CA2C04C75D00633F83 /* Assets.xcassets */,
				5EF367CC2C04C75D00633F83 /* Preview Content */,
			);
			path = Workoutable;
			sourceTree = "<group>";
		};
		5EF367CC2C04C75D00633F83 /* Preview Content */ = {
			isa = PBXGroup;
			children = (
				5EF367CD2C04C75D00633F83 /* Preview Assets.xcassets */,
			);
			path = "Preview Content";
			sourceTree = "<group>";
		};
/* End PBXGroup section */

/* Begin PBXNativeTarget section */
		5EF367C02C04C75C00633F83 /* Workoutable */ = {
			isa = PBXNativeTarget;
			buildConfigurationList = 5EF367D12C04C75D00633F83 /* Build configuration list for PBXNativeTarget "Workoutable" */;
			buildPhases = (
				5EF367BD2C04C75C00633F83 /* Sources */,
				5EF367BE2C04C75C00633F83 /* Frameworks */,
				5EF367BF2C04C75C00633F83 /* Resources */,
			);
			buildRules = (
			);
			dependencies = (
			);
			name = Workoutable;
			productName = Workoutable;
			productReference = 5EF367C12C04C75C00633F83 /* Workoutable.app */;
			productType = "com.apple.product-type.application";
		};
/* End PBXNativeTarget section */

/* Begin PBXProject section */
		5EF367B92C04C75C00633F83 /* Project object */ = {
			isa = PBXProject;
			attributes = {
				BuildIndependentTargetsInParallel = 1;
				LastSwiftUpdateCheck = 1520;
				LastUpgradeCheck = 1520;
				TargetAttributes = {
					5EF367C02C04C75C00633F83 = {
						CreatedOnToolsVersion = 15.2;
					};
				};
			};
			buildConfigurationList = 5EF367BC2C04C75C00633F83 /* Build configuration list for PBXProject "Workoutable" */;
			compatibilityVersion = "Xcode 14.0";
			developmentRegion = en;
			hasScannedForEncodings = 0;
			knownRegions = (
				en,
				Base,
			);
			mainGroup = 5EF367B82C04C75C00633F83;
			productRefGroup = 5EF367C22C04C75C00633F83 /* Products */;
			projectDirPath = "";
			projectRoot = "";
			targets = (
				5EF367C02C04C75C00633F83 /* Workoutable */,
			);
		};
/* End PBXProject section */

/* Begin PBXResourcesBuildPhase section */
		5EF367BF2C04C75C00633F83 /* Resources */ = {
			isa = PBXResourcesBuildPhase;
			buildActionMask = 2147483647;
			files = (
				5EF367CE2C04C75D00633F83 /* Preview Assets.xcassets in Resources */,
				5EF367CB2C04C75D00633F83 /* Assets.xcassets in Resources */,
			);
			runOnlyForDeploymentPostprocessing = 0;
		};
/* End PBXResourcesBuildPhase section */

/* Begin PBXSourcesBuildPhase section */
		5EF367BD2C04C75C00633F83 /* Sources */ = {
			isa = PBXSourcesBuildPhase;
			buildActionMask = 2147483647;
			files = (
				5E3CB4A22C07213200C0D2BF /* RoutineBuilderView.swift in Sources */,
				5E0E25A52C04CD1F00B6BD24 /* ExerciseItem.swift in Sources */,
				5E3CB4952C05DC8E00C0D2BF /* ReportSportView.swift in Sources */,
				5EDAAA5C2C0529550028522B /* WorkoutItem.swift in Sources */,
				5E3CB49E2C0720F400C0D2BF /* ManageExercisesView.swift in Sources */,
				5EF367C72C04C75C00633F83 /* ContentView.swift in Sources */,
				5E3CB49C2C067D6800C0D2BF /* ReportSportManager.swift in Sources */,
				5E3CB4A82C075C5100C0D2BF /* RoutineItem.swift in Sources */,
				5E9AC1D32C2999590073F777 /* ReportRoutineManager.swift in Sources */,
				5E3CB48E2C05BA1D00C0D2BF /* SettingsView.swift in Sources */,
				5E26EAC42C08B05000ED1441 /* WorkoutSummaryView.swift in Sources */,
				5EF367C52C04C75C00633F83 /* WorkoutableApp.swift in Sources */,
				5E3CB4982C05DFF400C0D2BF /* ReportSportDetailsView.swift in Sources */,
				5E8B4C9E2C314B04007CE65B /* PreferencesView.swift in Sources */,
				5E3CB49A2C05E00A00C0D2BF /* AddExercise.swift in Sources */,
				5E3CB48C2C05BA0500C0D2BF /* WorkoutsView.swift in Sources */,
				5E9AC1D52C299AF50073F777 /* ManageRoutinesView.swift in Sources */,
				5E3CB4902C05BD4400C0D2BF /* StruggleView.swift in Sources */,
				5E9AC1CF2C2998870073F777 /* ReportRoutineView.swift in Sources */,
				5E3CB4A42C07593800C0D2BF /* AddExerciseManager.swift in Sources */,
			);
			runOnlyForDeploymentPostprocessing = 0;
		};
/* End PBXSourcesBuildPhase section */

/* Begin XCBuildConfiguration section */
		5EF367CF2C04C75D00633F83 /* Debug */ = {
			isa = XCBuildConfiguration;
			buildSettings = {
				ALWAYS_SEARCH_USER_PATHS = NO;
				ASSETCATALOG_COMPILER_GENERATE_SWIFT_ASSET_SYMBOL_EXTENSIONS = YES;
				CLANG_ANALYZER_NONNULL = YES;
				CLANG_ANALYZER_NUMBER_OBJECT_CONVERSION = YES_AGGRESSIVE;
				CLANG_CXX_LANGUAGE_STANDARD = "gnu++20";
				CLANG_ENABLE_MODULES = YES;
				CLANG_ENABLE_OBJC_ARC = YES;
				CLANG_ENABLE_OBJC_WEAK = YES;
				CLANG_WARN_BLOCK_CAPTURE_AUTORELEASING = YES;
				CLANG_WARN_BOOL_CONVERSION = YES;
				CLANG_WARN_COMMA = YES;
				CLANG_WARN_CONSTANT_CONVERSION = YES;
				CLANG_WARN_DEPRECATED_OBJC_IMPLEMENTATIONS = YES;
				CLANG_WARN_DIRECT_OBJC_ISA_USAGE = YES_ERROR;
				CLANG_WARN_DOCUMENTATION_COMMENTS = YES;
				CLANG_WARN_EMPTY_BODY = YES;
				CLANG_WARN_ENUM_CONVERSION = YES;
				CLANG_WARN_INFINITE_RECURSION = YES;
				CLANG_WARN_INT_CONVERSION = YES;
				CLANG_WARN_NON_LITERAL_NULL_CONVERSION = YES;
				CLANG_WARN_OBJC_IMPLICIT_RETAIN_SELF = YES;
				CLANG_WARN_OBJC_LITERAL_CONVERSION = YES;
				CLANG_WARN_OBJC_ROOT_CLASS = YES_ERROR;
				CLANG_WARN_QUOTED_INCLUDE_IN_FRAMEWORK_HEADER = YES;
				CLANG_WARN_RANGE_LOOP_ANALYSIS = YES;
				CLANG_WARN_STRICT_PROTOTYPES = YES;
				CLANG_WARN_SUSPICIOUS_MOVE = YES;
				CLANG_WARN_UNGUARDED_AVAILABILITY = YES_AGGRESSIVE;
				CLANG_WARN_UNREACHABLE_CODE = YES;
				CLANG_WARN__DUPLICATE_METHOD_MATCH = YES;
				COPY_PHASE_STRIP = NO;
				DEBUG_INFORMATION_FORMAT = dwarf;
				ENABLE_STRICT_OBJC_MSGSEND = YES;
				ENABLE_TESTABILITY = YES;
				ENABLE_USER_SCRIPT_SANDBOXING = YES;
				GCC_C_LANGUAGE_STANDARD = gnu17;
				GCC_DYNAMIC_NO_PIC = NO;
				GCC_NO_COMMON_BLOCKS = YES;
				GCC_OPTIMIZATION_LEVEL = 0;
				GCC_PREPROCESSOR_DEFINITIONS = (
					"DEBUG=1",
					"$(inherited)",
				);
				GCC_WARN_64_TO_32_BIT_CONVERSION = YES;
				GCC_WARN_ABOUT_RETURN_TYPE = YES_ERROR;
				GCC_WARN_UNDECLARED_SELECTOR = YES;
				GCC_WARN_UNINITIALIZED_AUTOS = YES_AGGRESSIVE;
				GCC_WARN_UNUSED_FUNCTION = YES;
				GCC_WARN_UNUSED_VARIABLE = YES;
				IPHONEOS_DEPLOYMENT_TARGET = 17.2;
				LOCALIZATION_PREFERS_STRING_CATALOGS = YES;
				MTL_ENABLE_DEBUG_INFO = INCLUDE_SOURCE;
				MTL_FAST_MATH = YES;
				ONLY_ACTIVE_ARCH = YES;
				SDKROOT = iphoneos;
				SWIFT_ACTIVE_COMPILATION_CONDITIONS = "DEBUG $(inherited)";
				SWIFT_OPTIMIZATION_LEVEL = "-Onone";
			};
			name = Debug;
		};
		5EF367D02C04C75D00633F83 /* Release */ = {
			isa = XCBuildConfiguration;
			buildSettings = {
				ALWAYS_SEARCH_USER_PATHS = NO;
				ASSETCATALOG_COMPILER_GENERATE_SWIFT_ASSET_SYMBOL_EXTENSIONS = YES;
				CLANG_ANALYZER_NONNULL = YES;
				CLANG_ANALYZER_NUMBER_OBJECT_CONVERSION = YES_AGGRESSIVE;
				CLANG_CXX_LANGUAGE_STANDARD = "gnu++20";
				CLANG_ENABLE_MODULES = YES;
				CLANG_ENABLE_OBJC_ARC = YES;
				CLANG_ENABLE_OBJC_WEAK = YES;
				CLANG_WARN_BLOCK_CAPTURE_AUTORELEASING = YES;
				CLANG_WARN_BOOL_CONVERSION = YES;
				CLANG_WARN_COMMA = YES;
				CLANG_WARN_CONSTANT_CONVERSION = YES;
				CLANG_WARN_DEPRECATED_OBJC_IMPLEMENTATIONS = YES;
				CLANG_WARN_DIRECT_OBJC_ISA_USAGE = YES_ERROR;
				CLANG_WARN_DOCUMENTATION_COMMENTS = YES;
				CLANG_WARN_EMPTY_BODY = YES;
				CLANG_WARN_ENUM_CONVERSION = YES;
				CLANG_WARN_INFINITE_RECURSION = YES;
				CLANG_WARN_INT_CONVERSION = YES;
				CLANG_WARN_NON_LITERAL_NULL_CONVERSION = YES;
				CLANG_WARN_OBJC_IMPLICIT_RETAIN_SELF = YES;
				CLANG_WARN_OBJC_LITERAL_CONVERSION = YES;
				CLANG_WARN_OBJC_ROOT_CLASS = YES_ERROR;
				CLANG_WARN_QUOTED_INCLUDE_IN_FRAMEWORK_HEADER = YES;
				CLANG_WARN_RANGE_LOOP_ANALYSIS = YES;
				CLANG_WARN_STRICT_PROTOTYPES = YES;
				CLANG_WARN_SUSPICIOUS_MOVE = YES;
				CLANG_WARN_UNGUARDED_AVAILABILITY = YES_AGGRESSIVE;
				CLANG_WARN_UNREACHABLE_CODE = YES;
				CLANG_WARN__DUPLICATE_METHOD_MATCH = YES;
				COPY_PHASE_STRIP = NO;
				DEBUG_INFORMATION_FORMAT = "dwarf-with-dsym";
				ENABLE_NS_ASSERTIONS = NO;
				ENABLE_STRICT_OBJC_MSGSEND = YES;
				ENABLE_USER_SCRIPT_SANDBOXING = YES;
				GCC_C_LANGUAGE_STANDARD = gnu17;
				GCC_NO_COMMON_BLOCKS = YES;
				GCC_WARN_64_TO_32_BIT_CONVERSION = YES;
				GCC_WARN_ABOUT_RETURN_TYPE = YES_ERROR;
				GCC_WARN_UNDECLARED_SELECTOR = YES;
				GCC_WARN_UNINITIALIZED_AUTOS = YES_AGGRESSIVE;
				GCC_WARN_UNUSED_FUNCTION = YES;
				GCC_WARN_UNUSED_VARIABLE = YES;
				IPHONEOS_DEPLOYMENT_TARGET = 17.2;
				LOCALIZATION_PREFERS_STRING_CATALOGS = YES;
				MTL_ENABLE_DEBUG_INFO = NO;
				MTL_FAST_MATH = YES;
				SDKROOT = iphoneos;
				SWIFT_COMPILATION_MODE = wholemodule;
				VALIDATE_PRODUCT = YES;
			};
			name = Release;
		};
		5EF367D22C04C75D00633F83 /* Debug */ = {
			isa = XCBuildConfiguration;
			buildSettings = {
				ASSETCATALOG_COMPILER_APPICON_NAME = AppIcon;
				ASSETCATALOG_COMPILER_GLOBAL_ACCENT_COLOR_NAME = AccentColor;
				CODE_SIGN_STYLE = Automatic;
				CURRENT_PROJECT_VERSION = 1;
				DEVELOPMENT_ASSET_PATHS = "\"Workoutable/Preview Content\"";
				DEVELOPMENT_TEAM = 62982R9YGA;
				ENABLE_PREVIEWS = YES;
				GENERATE_INFOPLIST_FILE = YES;
				INFOPLIST_KEY_UIApplicationSceneManifest_Generation = YES;
				INFOPLIST_KEY_UIApplicationSupportsIndirectInputEvents = YES;
				INFOPLIST_KEY_UILaunchScreen_Generation = YES;
				INFOPLIST_KEY_UISupportedInterfaceOrientations_iPad = "UIInterfaceOrientationPortrait UIInterfaceOrientationPortraitUpsideDown UIInterfaceOrientationLandscapeLeft UIInterfaceOrientationLandscapeRight";
				INFOPLIST_KEY_UISupportedInterfaceOrientations_iPhone = "UIInterfaceOrientationPortrait UIInterfaceOrientationLandscapeLeft UIInterfaceOrientationLandscapeRight";
				LD_RUNPATH_SEARCH_PATHS = (
					"$(inherited)",
					"@executable_path/Frameworks",
				);
				MARKETING_VERSION = 1.0;
				PRODUCT_BUNDLE_IDENTIFIER = patrykrybak.workoutable.Workoutable;
				PRODUCT_NAME = "$(TARGET_NAME)";
				SWIFT_EMIT_LOC_STRINGS = YES;
				SWIFT_VERSION = 5.0;
				TARGETED_DEVICE_FAMILY = "1,2";
			};
			name = Debug;
		};
		5EF367D32C04C75D00633F83 /* Release */ = {
			isa = XCBuildConfiguration;
			buildSettings = {
				ASSETCATALOG_COMPILER_APPICON_NAME = AppIcon;
				ASSETCATALOG_COMPILER_GLOBAL_ACCENT_COLOR_NAME = AccentColor;
				CODE_SIGN_STYLE = Automatic;
				CURRENT_PROJECT_VERSION = 1;
				DEVELOPMENT_ASSET_PATHS = "\"Workoutable/Preview Content\"";
				DEVELOPMENT_TEAM = 62982R9YGA;
				ENABLE_PREVIEWS = YES;
				GENERATE_INFOPLIST_FILE = YES;
				INFOPLIST_KEY_UIApplicationSceneManifest_Generation = YES;
				INFOPLIST_KEY_UIApplicationSupportsIndirectInputEvents = YES;
				INFOPLIST_KEY_UILaunchScreen_Generation = YES;
				INFOPLIST_KEY_UISupportedInterfaceOrientations_iPad = "UIInterfaceOrientationPortrait UIInterfaceOrientationPortraitUpsideDown UIInterfaceOrientationLandscapeLeft UIInterfaceOrientationLandscapeRight";
				INFOPLIST_KEY_UISupportedInterfaceOrientations_iPhone = "UIInterfaceOrientationPortrait UIInterfaceOrientationLandscapeLeft UIInterfaceOrientationLandscapeRight";
				LD_RUNPATH_SEARCH_PATHS = (
					"$(inherited)",
					"@executable_path/Frameworks",
				);
				MARKETING_VERSION = 1.0;
				PRODUCT_BUNDLE_IDENTIFIER = patrykrybak.workoutable.Workoutable;
				PRODUCT_NAME = "$(TARGET_NAME)";
				SWIFT_EMIT_LOC_STRINGS = YES;
				SWIFT_VERSION = 5.0;
				TARGETED_DEVICE_FAMILY = "1,2";
			};
			name = Release;
		};
/* End XCBuildConfiguration section */

/* Begin XCConfigurationList section */
		5EF367BC2C04C75C00633F83 /* Build configuration list for PBXProject "Workoutable" */ = {
			isa = XCConfigurationList;
			buildConfigurations = (
				5EF367CF2C04C75D00633F83 /* Debug */,
				5EF367D02C04C75D00633F83 /* Release */,
			);
			defaultConfigurationIsVisible = 0;
			defaultConfigurationName = Release;
		};
		5EF367D12C04C75D00633F83 /* Build configuration list for PBXNativeTarget "Workoutable" */ = {
			isa = XCConfigurationList;
			buildConfigurations = (
				5EF367D22C04C75D00633F83 /* Debug */,
				5EF367D32C04C75D00633F83 /* Release */,
			);
			defaultConfigurationIsVisible = 0;
			defaultConfigurationName = Release;
		};
/* End XCConfigurationList section */
	};
	rootObject = 5EF367B92C04C75C00633F83 /* Project object */;
}
